
Microsoft Visual Studio Solution File, Format Version 12.00
# Visual Studio Version 16
VisualStudioVersion = 16.0.28922.388
MinimumVisualStudioVersion = 10.0.40219.1
Project("{FAE04EC0-301F-11D3-BF4B-00C04F79EFBC}") = "JsonInvader", "JsonInvader\JsonInvader.csproj", "{804A264A-7535-415A-9047-4EF9FF327BF7}"
EndProject
Project("{FAE04EC0-301F-11D3-BF4B-00C04F79EFBC}") = "JsonInvader.Models", "JsonInvader.Models\JsonInvader.Models.csproj", "{ED302C15-EED5-42FE-89C6-28B88B8E8FCF}"
EndProject
Project("{FAE04EC0-301F-11D3-BF4B-00C04F79EFBC}") = "JsonInvader.BusinessLayer", "JsonInvader.BusinessLayer\JsonInvader.BusinessLayer.csproj", "{7FA2439F-4B4F-4587-B44A-AF097F27D985}"
EndProject
Global
	GlobalSection(SolutionConfigurationPlatforms) = preSolution
		Debug|Any CPU = Debug|Any CPU
		Release|Any CPU = Release|Any CPU
	EndGlobalSection
	GlobalSection(ProjectConfigurationPlatforms) = postSolution
		{804A264A-7535-415A-9047-4EF9FF327BF7}.Debug|Any CPU.ActiveCfg = Debug|Any CPU
		{804A264A-7535-415A-9047-4EF9FF327BF7}.Debug|Any CPU.Build.0 = Debug|Any CPU
		{804A264A-7535-415A-9047-4EF9FF327BF7}.Release|Any CPU.ActiveCfg = Release|Any CPU
		{804A264A-7535-415A-9047-4EF9FF327BF7}.Release|Any CPU.Build.0 = Release|Any CPU
		{ED302C15-EED5-42FE-89C6-28B88B8E8FCF}.Debug|Any CPU.ActiveCfg = Debug|Any CPU
		{ED302C15-EED5-42FE-89C6-28B88B8E8FCF}.Debug|Any CPU.Build.0 = Debug|Any CPU
		{ED302C15-EED5-42FE-89C6-28B88B8E8FCF}.Release|Any CPU.ActiveCfg = Release|Any CPU
		{ED302C15-EED5-42FE-89C6-28B88B8E8FCF}.Release|Any CPU.Build.0 = Release|Any CPU
		{7FA2439F-4B4F-4587-B44A-AF097F27D985}.Debug|Any CPU.ActiveCfg = Debug|Any CPU
		{7FA2439F-4B4F-4587-B44A-AF097F27D985}.Debug|Any CPU.Build.0 = Debug|Any CPU
		{7FA2439F-4B4F-4587-B44A-AF097F27D985}.Release|Any CPU.ActiveCfg = Release|Any CPU
		{7FA2439F-4B4F-4587-B44A-AF097F27D985}.Release|Any CPU.Build.0 = Release|Any CPU
	EndGlobalSection
	GlobalSection(SolutionProperties) = preSolution
		HideSolutionNode = FALSE
	EndGlobalSection
	GlobalSection(ExtensibilityGlobals) = postSolution
		SolutionGuid = {B925C6CC-AA80-4335-BC3C-32F7E40C0B96}
	EndGlobalSection
EndGlobal
